
Microsoft Visual Studio Solution File, Format Version 12.00
# Visual Studio Version 17
VisualStudioVersion = 17.6.33829.357
MinimumVisualStudioVersion = 10.0.40219.1
Project("{FAE04EC0-301F-11D3-BF4B-00C04F79EFBC}") = "WebAppJob", "WebAppJob\WebAppJob.csproj", "{35DBD0DE-7FA2-46A6-A306-D47BCB986427}"
EndProject
Global
	GlobalSection(SolutionConfigurationPlatforms) = preSolution
		Debug|Any CPU = Debug|Any CPU
		Release|Any CPU = Release|Any CPU
	EndGlobalSection
	GlobalSection(ProjectConfigurationPlatforms) = postSolution
		{35DBD0DE-7FA2-46A6-A306-D47BCB986427}.Debug|Any CPU.ActiveCfg = Debug|Any CPU
		{35DBD0DE-7FA2-46A6-A306-D47BCB986427}.Debug|Any CPU.Build.0 = Debug|Any CPU
		{35DBD0DE-7FA2-46A6-A306-D47BCB986427}.Release|Any CPU.ActiveCfg = Release|Any CPU
		{35DBD0DE-7FA2-46A6-A306-D47BCB986427}.Release|Any CPU.Build.0 = Release|Any CPU
	EndGlobalSection
	GlobalSection(SolutionProperties) = preSolution
		HideSolutionNode = FALSE
	EndGlobalSection
	GlobalSection(ExtensibilityGlobals) = postSolution
		SolutionGuid = {D2619DDA-EFAC-4BEE-BF39-F5DAB5969D91}
	EndGlobalSection
EndGlobal
